
Microsoft Visual Studio Solution File, Format Version 12.00
# Visual Studio Version 16
VisualStudioVersion = 16.0.32901.82
MinimumVisualStudioVersion = 10.0.40219.1
Project("{2150E333-8FDC-42A3-9474-1A3956D46DE8}") = "BLL", "BLL", "{8D79173A-B57E-401B-AA37-EB9727418CDF}"
EndProject
Project("{2150E333-8FDC-42A3-9474-1A3956D46DE8}") = "DAL", "DAL", "{0EA17C49-FEC1-4C1B-BE70-38D92F145A65}"
EndProject
Project("{2150E333-8FDC-42A3-9474-1A3956D46DE8}") = "Common", "Common", "{DA62A79A-7DFE-4D1B-9CE7-EAEF8FDAD912}"
EndProject
Project("{2150E333-8FDC-42A3-9474-1A3956D46DE8}") = "PL", "PL", "{F8C10C20-0FC9-48B3-99DA-4FFE6ED3B7BE}"
EndProject
Project("{FAE04EC0-301F-11D3-BF4B-00C04F79EFBC}") = "EA2.IDAL", "EA2.IDAL\EA2.IDAL.csproj", "{6356B282-5BCB-4A23-8185-6DF47D91C5FA}"
EndProject
Project("{FAE04EC0-301F-11D3-BF4B-00C04F79EFBC}") = "EA2.DAL", "EA2.DAL\EA2.DAL.csproj", "{099D6863-A1CF-4762-AC00-0A929C5C1C90}"
EndProject
Project("{FAE04EC0-301F-11D3-BF4B-00C04F79EFBC}") = "EA2.BLL", "EA2.BLL\EA2.BLL.csproj", "{1F6C3DA9-055E-4A32-B4B1-37423BE13AA1}"
EndProject
Project("{FAE04EC0-301F-11D3-BF4B-00C04F79EFBC}") = "EA2.MVC", "EA2.MVC\EA2.MVC.csproj", "{D6D90CF6-50A4-4AFC-A6BC-39F44C6563EA}"
EndProject
Project("{FAE04EC0-301F-11D3-BF4B-00C04F79EFBC}") = "EA2.Model", "EA2.Model\EA2.Model.csproj", "{46EF25F1-4D39-468E-B127-0C306AB4B71B}"
EndProject
Global
	GlobalSection(SolutionConfigurationPlatforms) = preSolution
		Debug|Any CPU = Debug|Any CPU
		Release|Any CPU = Release|Any CPU
	EndGlobalSection
	GlobalSection(ProjectConfigurationPlatforms) = postSolution
		{6356B282-5BCB-4A23-8185-6DF47D91C5FA}.Debug|Any CPU.ActiveCfg = Debug|Any CPU
		{6356B282-5BCB-4A23-8185-6DF47D91C5FA}.Debug|Any CPU.Build.0 = Debug|Any CPU
		{6356B282-5BCB-4A23-8185-6DF47D91C5FA}.Release|Any CPU.ActiveCfg = Release|Any CPU
		{6356B282-5BCB-4A23-8185-6DF47D91C5FA}.Release|Any CPU.Build.0 = Release|Any CPU
		{099D6863-A1CF-4762-AC00-0A929C5C1C90}.Debug|Any CPU.ActiveCfg = Debug|Any CPU
		{099D6863-A1CF-4762-AC00-0A929C5C1C90}.Debug|Any CPU.Build.0 = Debug|Any CPU
		{099D6863-A1CF-4762-AC00-0A929C5C1C90}.Release|Any CPU.ActiveCfg = Release|Any CPU
		{099D6863-A1CF-4762-AC00-0A929C5C1C90}.Release|Any CPU.Build.0 = Release|Any CPU
		{1F6C3DA9-055E-4A32-B4B1-37423BE13AA1}.Debug|Any CPU.ActiveCfg = Debug|Any CPU
		{1F6C3DA9-055E-4A32-B4B1-37423BE13AA1}.Debug|Any CPU.Build.0 = Debug|Any CPU
		{1F6C3DA9-055E-4A32-B4B1-37423BE13AA1}.Release|Any CPU.ActiveCfg = Release|Any CPU
		{1F6C3DA9-055E-4A32-B4B1-37423BE13AA1}.Release|Any CPU.Build.0 = Release|Any CPU
		{D6D90CF6-50A4-4AFC-A6BC-39F44C6563EA}.Debug|Any CPU.ActiveCfg = Debug|Any CPU
		{D6D90CF6-50A4-4AFC-A6BC-39F44C6563EA}.Debug|Any CPU.Build.0 = Debug|Any CPU
		{D6D90CF6-50A4-4AFC-A6BC-39F44C6563EA}.Release|Any CPU.ActiveCfg = Release|Any CPU
		{D6D90CF6-50A4-4AFC-A6BC-39F44C6563EA}.Release|Any CPU.Build.0 = Release|Any CPU
		{46EF25F1-4D39-468E-B127-0C306AB4B71B}.Debug|Any CPU.ActiveCfg = Debug|Any CPU
		{46EF25F1-4D39-468E-B127-0C306AB4B71B}.Debug|Any CPU.Build.0 = Debug|Any CPU
		{46EF25F1-4D39-468E-B127-0C306AB4B71B}.Release|Any CPU.ActiveCfg = Release|Any CPU
		{46EF25F1-4D39-468E-B127-0C306AB4B71B}.Release|Any CPU.Build.0 = Release|Any CPU
	EndGlobalSection
	GlobalSection(SolutionProperties) = preSolution
		HideSolutionNode = FALSE
	EndGlobalSection
	GlobalSection(NestedProjects) = preSolution
		{6356B282-5BCB-4A23-8185-6DF47D91C5FA} = {0EA17C49-FEC1-4C1B-BE70-38D92F145A65}
		{099D6863-A1CF-4762-AC00-0A929C5C1C90} = {0EA17C49-FEC1-4C1B-BE70-38D92F145A65}
		{1F6C3DA9-055E-4A32-B4B1-37423BE13AA1} = {8D79173A-B57E-401B-AA37-EB9727418CDF}
		{D6D90CF6-50A4-4AFC-A6BC-39F44C6563EA} = {F8C10C20-0FC9-48B3-99DA-4FFE6ED3B7BE}
		{46EF25F1-4D39-468E-B127-0C306AB4B71B} = {DA62A79A-7DFE-4D1B-9CE7-EAEF8FDAD912}
	EndGlobalSection
	GlobalSection(ExtensibilityGlobals) = postSolution
		SolutionGuid = {643112C3-8735-449C-9344-ADE74DAE16A9}
	EndGlobalSection
EndGlobal
